
Microsoft Visual Studio Solution File, Format Version 12.00
# Visual Studio Version 17
VisualStudioVersion = 17.0.31912.275
MinimumVisualStudioVersion = 10.0.40219.1
Project("{9A19103F-16F7-4668-BE54-9A1E7A4F7556}") = "PotatoWall", "PotatoWall.csproj", "{77E415E0-D436-4C27-9E03-7ED3393686A1}"
EndProject
Project("{9A19103F-16F7-4668-BE54-9A1E7A4F7556}") = "WinDivertSharp", "Libs\WinDivertSharp\WinDivertSharp\WinDivertSharp.csproj", "{F172B4D1-9F77-4DA6-A8BB-8CE2653BD7E6}"
EndProject
Project("{930C7802-8A8C-48F9-8165-68863BCCD9DD}") = "PotatoWallSetup", "Setup\PotatoWallSetup.wixproj", "{65A99019-0FEC-4808-835C-4465810A9275}"
EndProject
Global
	GlobalSection(SolutionConfigurationPlatforms) = preSolution
		Debug|x64 = Debug|x64
		Debug|x86 = Debug|x86
		Release|x64 = Release|x64
		Release|x86 = Release|x86
	EndGlobalSection
	GlobalSection(ProjectConfigurationPlatforms) = postSolution
		{77E415E0-D436-4C27-9E03-7ED3393686A1}.Debug|x64.ActiveCfg = Debug|x64
		{77E415E0-D436-4C27-9E03-7ED3393686A1}.Debug|x64.Build.0 = Debug|x64
		{77E415E0-D436-4C27-9E03-7ED3393686A1}.Debug|x86.ActiveCfg = Debug|x86
		{77E415E0-D436-4C27-9E03-7ED3393686A1}.Debug|x86.Build.0 = Debug|x86
		{77E415E0-D436-4C27-9E03-7ED3393686A1}.Release|x64.ActiveCfg = Release|x64
		{77E415E0-D436-4C27-9E03-7ED3393686A1}.Release|x64.Build.0 = Release|x64
		{77E415E0-D436-4C27-9E03-7ED3393686A1}.Release|x86.ActiveCfg = Release|x86
		{77E415E0-D436-4C27-9E03-7ED3393686A1}.Release|x86.Build.0 = Release|x86
		{F172B4D1-9F77-4DA6-A8BB-8CE2653BD7E6}.Debug|x64.ActiveCfg = Debug|x64
		{F172B4D1-9F77-4DA6-A8BB-8CE2653BD7E6}.Debug|x64.Build.0 = Debug|x64
		{F172B4D1-9F77-4DA6-A8BB-8CE2653BD7E6}.Debug|x86.ActiveCfg = Debug|x86
		{F172B4D1-9F77-4DA6-A8BB-8CE2653BD7E6}.Debug|x86.Build.0 = Debug|x86
		{F172B4D1-9F77-4DA6-A8BB-8CE2653BD7E6}.Release|x64.ActiveCfg = Release|x64
		{F172B4D1-9F77-4DA6-A8BB-8CE2653BD7E6}.Release|x64.Build.0 = Release|x64
		{F172B4D1-9F77-4DA6-A8BB-8CE2653BD7E6}.Release|x86.ActiveCfg = Release|x86
		{F172B4D1-9F77-4DA6-A8BB-8CE2653BD7E6}.Release|x86.Build.0 = Release|x86
		{65A99019-0FEC-4808-835C-4465810A9275}.Debug|x64.ActiveCfg = Debug|x64
		{65A99019-0FEC-4808-835C-4465810A9275}.Debug|x86.ActiveCfg = Debug|x86
		{65A99019-0FEC-4808-835C-4465810A9275}.Release|x64.ActiveCfg = Release|x64
		{65A99019-0FEC-4808-835C-4465810A9275}.Release|x86.ActiveCfg = Release|x86
	EndGlobalSection
	GlobalSection(SolutionProperties) = preSolution
		HideSolutionNode = FALSE
	EndGlobalSection
	GlobalSection(ExtensibilityGlobals) = postSolution
		SolutionGuid = {77C08A02-F63E-4142-AE87-57BA38E3A8E7}
	EndGlobalSection
EndGlobal
